
Microsoft Visual Studio Solution File, Format Version 12.00
# Visual Studio Version 17
VisualStudioVersion = 17.0.31903.59
MinimumVisualStudioVersion = 10.0.40219.1
Project("{FAE04EC0-301F-11D3-BF4B-00C04F79EFBC}") = "PhoneBook", "PhoneBook\PhoneBook.csproj", "{9EE177DB-2DD9-4EDB-8F52-8D89B7B4DB5C}"
EndProject
Global
	GlobalSection(SolutionConfigurationPlatforms) = preSolution
		Debug|Any CPU = Debug|Any CPU
		Release|Any CPU = Release|Any CPU
	EndGlobalSection
	GlobalSection(ProjectConfigurationPlatforms) = postSolution
		{9EE177DB-2DD9-4EDB-8F52-8D89B7B4DB5C}.Debug|Any CPU.ActiveCfg = Debug|Any CPU
		{9EE177DB-2DD9-4EDB-8F52-8D89B7B4DB5C}.Debug|Any CPU.Build.0 = Debug|Any CPU
		{9EE177DB-2DD9-4EDB-8F52-8D89B7B4DB5C}.Release|Any CPU.ActiveCfg = Release|Any CPU
		{9EE177DB-2DD9-4EDB-8F52-8D89B7B4DB5C}.Release|Any CPU.Build.0 = Release|Any CPU
	EndGlobalSection
	GlobalSection(SolutionProperties) = preSolution
		HideSolutionNode = FALSE
	EndGlobalSection
	GlobalSection(ExtensibilityGlobals) = postSolution
		SolutionGuid = {B50C2446-8B5E-4EB2-849C-D8B98F3A0397}
	EndGlobalSection
EndGlobal
